
Microsoft Visual Studio Solution File, Format Version 11.00
# Visual Studio 2010
Project("{FAE04EC0-301F-11D3-BF4B-00C04F79EFBC}") = "SpaceInvaders2D", "Assembly-CSharp.csproj", "{1B96E74A-80FB-8CA2-0812-7EB1062D0071}"
EndProject
Global
	GlobalSection(SolutionConfigurationPlatforms) = preSolution
		Debug|Any CPU = Debug|Any CPU
		Release|Any CPU = Release|Any CPU
	EndGlobalSection
	GlobalSection(ProjectConfigurationPlatforms) = postSolution
		{1B96E74A-80FB-8CA2-0812-7EB1062D0071}.Debug|Any CPU.ActiveCfg = Debug|Any CPU
		{1B96E74A-80FB-8CA2-0812-7EB1062D0071}.Debug|Any CPU.Build.0 = Debug|Any CPU
		{1B96E74A-80FB-8CA2-0812-7EB1062D0071}.Release|Any CPU.ActiveCfg = Release|Any CPU
		{1B96E74A-80FB-8CA2-0812-7EB1062D0071}.Release|Any CPU.Build.0 = Release|Any CPU
	EndGlobalSection
	GlobalSection(SolutionProperties) = preSolution
		HideSolutionNode = FALSE
	EndGlobalSection
	GlobalSection(MonoDevelopProperties) = preSolution
		StartupItem = Assembly-CSharp.csproj
	EndGlobalSection
EndGlobal
