
Microsoft Visual Studio Solution File, Format Version 12.00
# Visual Studio 2017
Project("{FAE04EC0-301F-11D3-BF4B-00C04F79EFBC}") = "13-mar-2018", "13-mar-2018.csproj", "{5C4B8B5F-FC1A-B9F1-47F9-827D91071480}"
EndProject
Global
	GlobalSection(SolutionConfigurationPlatforms) = preSolution
		Debug|Any CPU = Debug|Any CPU
		Release|Any CPU = Release|Any CPU
	EndGlobalSection
	GlobalSection(ProjectConfigurationPlatforms) = postSolution
		{5C4B8B5F-FC1A-B9F1-47F9-827D91071480}.Debug|Any CPU.ActiveCfg = Debug|Any CPU
		{5C4B8B5F-FC1A-B9F1-47F9-827D91071480}.Debug|Any CPU.Build.0 = Debug|Any CPU
		{5C4B8B5F-FC1A-B9F1-47F9-827D91071480}.Release|Any CPU.ActiveCfg = Release|Any CPU
		{5C4B8B5F-FC1A-B9F1-47F9-827D91071480}.Release|Any CPU.Build.0 = Release|Any CPU
	EndGlobalSection
	GlobalSection(SolutionProperties) = preSolution
		HideSolutionNode = FALSE
	EndGlobalSection
EndGlobal
